
Microsoft Visual Studio Solution File, Format Version 12.00
# Visual Studio Version 16
VisualStudioVersion = 16.0.30011.22
MinimumVisualStudioVersion = 10.0.40219.1
Project("{FAE04EC0-301F-11D3-BF4B-00C04F79EFBC}") = "SpeedTest", "SpeedTest\SpeedTest.csproj", "{6F6BBC75-2E5A-4CA3-9776-9A830F1A37E7}"
EndProject
Global
	GlobalSection(SolutionConfigurationPlatforms) = preSolution
		Debug|Any CPU = Debug|Any CPU
		Release|Any CPU = Release|Any CPU
	EndGlobalSection
	GlobalSection(ProjectConfigurationPlatforms) = postSolution
		{6F6BBC75-2E5A-4CA3-9776-9A830F1A37E7}.Debug|Any CPU.ActiveCfg = Debug|Any CPU
		{6F6BBC75-2E5A-4CA3-9776-9A830F1A37E7}.Debug|Any CPU.Build.0 = Debug|Any CPU
		{6F6BBC75-2E5A-4CA3-9776-9A830F1A37E7}.Release|Any CPU.ActiveCfg = Release|Any CPU
		{6F6BBC75-2E5A-4CA3-9776-9A830F1A37E7}.Release|Any CPU.Build.0 = Release|Any CPU
	EndGlobalSection
	GlobalSection(SolutionProperties) = preSolution
		HideSolutionNode = FALSE
	EndGlobalSection
	GlobalSection(ExtensibilityGlobals) = postSolution
		SolutionGuid = {B348962E-F9A8-42E6-93B2-6C3F5943F452}
	EndGlobalSection
EndGlobal
